<Solution>
  <Folder Name="/src/" />
  <Folder Name="/src/Client/">
    <Project Path="src/Client/ArxisVR.Client/ArxisVR.Client.csproj" />
  </Folder>
  <Folder Name="/src/Core/">
    <Project Path="src/Core/ArxisVR.Core/ArxisVR.Core.csproj" />
  </Folder>
  <Folder Name="/src/Server/">
    <Project Path="src/Server/ArxisVR.Server/ArxisVR.Server.csproj" />
  </Folder>
  <Folder Name="/src/Shared/">
    <Project Path="src/Shared/ArxisVR.Shared/ArxisVR.Shared.csproj" />
  </Folder>
</Solution>
